Microsoft Visual Studio Solution File, Format Version 12.00
# Visual Studio Version 17
VisualStudioVersion = 17.0.31903.59
MinimumVisualStudioVersion = 10.0.40219.1
Project("{FAE04EC0-301F-11D3-BF4B-00C04F79EFBC}") = "Web", "voting-app.Web\voting-app.Web.csproj", "{36EBE27B-4791-4B3E-9932-04961753C68C}"
EndProject
Project("{FAE04EC0-301F-11D3-BF4B-00C04F79EFBC}") = "ColourService", "voting-app.ColourService\voting-app.ColourService.csproj", "{36EBE27B-4791-4B3E-9932-04961753C68D}"
EndProject
Project("{FAE04EC0-301F-11D3-BF4B-00C04F79EFBC}") = "VotesService", "voting-app.VotesService\voting-app.VotesService.csproj", "{36EBE27B-4791-4B3E-9932-04961753C68E}"
EndProject
Project("{FAE04EC0-301F-11D3-BF4B-00C04F79EFBC}") = "AppHost", "voting-app.AppHost\voting-app.AppHost.csproj", "{36EBE27B-4791-4B3E-9932-04961753C68F}"
EndProject
Project("{FAE04EC0-301F-11D3-BF4B-00C04F79EFBC}") = "ServiceDefaults", "voting-app.ServiceDefaults\voting-app.ServiceDefaults.csproj", "{36EBE27B-4791-4B3E-9932-04961753C690}"
EndProject
Global
	GlobalSection(SolutionConfigurationPlatforms) = preSolution
		Debug|Any CPU = Debug|Any CPU
		Release|Any CPU = Release|Any CPU
	EndGlobalSection
	GlobalSection(SolutionProperties) = preSolution
		HideSolutionNode = FALSE
	EndGlobalSection
	GlobalSection(ProjectConfigurationPlatforms) = postSolution
		{36EBE27B-4791-4B3E-9932-04961753C68C}.Debug|Any CPU.ActiveCfg = Debug|Any CPU
		{36EBE27B-4791-4B3E-9932-04961753C68C}.Debug|Any CPU.Build.0 = Debug|Any CPU
		{36EBE27B-4791-4B3E-9932-04961753C68C}.Release|Any CPU.ActiveCfg = Release|Any CPU
		{36EBE27B-4791-4B3E-9932-04961753C68C}.Release|Any CPU.Build.0 = Release|Any CPU

		{36EBE27B-4791-4B3E-9932-04961753C68D}.Debug|Any CPU.ActiveCfg = Debug|Any CPU
		{36EBE27B-4791-4B3E-9932-04961753C68D}.Debug|Any CPU.Build.0 = Debug|Any CPU
		{36EBE27B-4791-4B3E-9932-04961753C68D}.Release|Any CPU.ActiveCfg = Release|Any CPU
		{36EBE27B-4791-4B3E-9932-04961753C68D}.Release|Any CPU.Build.0 = Release|Any CPU

		{36EBE27B-4791-4B3E-9932-04961753C68E}.Debug|Any CPU.ActiveCfg = Debug|Any CPU
		{36EBE27B-4791-4B3E-9932-04961753C68E}.Debug|Any CPU.Build.0 = Debug|Any CPU
		{36EBE27B-4791-4B3E-9932-04961753C68E}.Release|Any CPU.ActiveCfg = Release|Any CPU
		{36EBE27B-4791-4B3E-9932-04961753C68E}.Release|Any CPU.Build.0 = Release|Any CPU

		{36EBE27B-4791-4B3E-9932-04961753C68F}.Debug|Any CPU.ActiveCfg = Debug|Any CPU
		{36EBE27B-4791-4B3E-9932-04961753C68F}.Debug|Any CPU.Build.0 = Debug|Any CPU
		{36EBE27B-4791-4B3E-9932-04961753C68F}.Release|Any CPU.ActiveCfg = Release|Any CPU
		{36EBE27B-4791-4B3E-9932-04961753C68F}.Release|Any CPU.Build.0 = Release|Any CPU

		{36EBE27B-4791-4B3E-9932-04961753C690}.Debug|Any CPU.ActiveCfg = Debug|Any CPU
		{36EBE27B-4791-4B3E-9932-04961753C690}.Debug|Any CPU.Build.0 = Debug|Any CPU
		{36EBE27B-4791-4B3E-9932-04961753C690}.Release|Any CPU.ActiveCfg = Release|Any CPU
		{36EBE27B-4791-4B3E-9932-04961753C690}.Release|Any CPU.Build.0 = Release|Any CPU
	EndGlobalSection
EndGlobal
